
Microsoft Visual Studio Solution File, Format Version 12.00
# Visual Studio Version 17
VisualStudioVersion = 17.12.35527.113
MinimumVisualStudioVersion = 10.0.40219.1
Project("{FAE04EC0-301F-11D3-BF4B-00C04F79EFBC}") = "CRM.Core", "CRM.Core\CRM.Core.csproj", "{F26B9D9C-57CF-45DA-9233-4B050B6C2AF7}"
EndProject
Project("{FAE04EC0-301F-11D3-BF4B-00C04F79EFBC}") = "CRM.Api", "CRM.API\CRM.Api.csproj", "{30D6921B-4EED-460B-9144-CEF8661B7D61}"
EndProject
Project("{FAE04EC0-301F-11D3-BF4B-00C04F79EFBC}") = "CRM.Infrastructure", "CRM.Infrastructure\CRM.Infrastructure.csproj", "{0D207E6B-7E09-46B8-8BB7-302DE35BEF0C}"
EndProject
Project("{FAE04EC0-301F-11D3-BF4B-00C04F79EFBC}") = "CRM.Application", "CRM.Application\CRM.Application.csproj", "{3B4EAB05-DA35-47CA-8C46-F5323BD73A05}"
EndProject
Global
	GlobalSection(SolutionConfigurationPlatforms) = preSolution
		Debug|Any CPU = Debug|Any CPU
		Release|Any CPU = Release|Any CPU
	EndGlobalSection
	GlobalSection(ProjectConfigurationPlatforms) = postSolution
		{F26B9D9C-57CF-45DA-9233-4B050B6C2AF7}.Debug|Any CPU.ActiveCfg = Debug|Any CPU
		{F26B9D9C-57CF-45DA-9233-4B050B6C2AF7}.Debug|Any CPU.Build.0 = Debug|Any CPU
		{F26B9D9C-57CF-45DA-9233-4B050B6C2AF7}.Release|Any CPU.ActiveCfg = Release|Any CPU
		{F26B9D9C-57CF-45DA-9233-4B050B6C2AF7}.Release|Any CPU.Build.0 = Release|Any CPU
		{30D6921B-4EED-460B-9144-CEF8661B7D61}.Debug|Any CPU.ActiveCfg = Debug|Any CPU
		{30D6921B-4EED-460B-9144-CEF8661B7D61}.Debug|Any CPU.Build.0 = Debug|Any CPU
		{30D6921B-4EED-460B-9144-CEF8661B7D61}.Release|Any CPU.ActiveCfg = Release|Any CPU
		{30D6921B-4EED-460B-9144-CEF8661B7D61}.Release|Any CPU.Build.0 = Release|Any CPU
		{0D207E6B-7E09-46B8-8BB7-302DE35BEF0C}.Debug|Any CPU.ActiveCfg = Debug|Any CPU
		{0D207E6B-7E09-46B8-8BB7-302DE35BEF0C}.Debug|Any CPU.Build.0 = Debug|Any CPU
		{0D207E6B-7E09-46B8-8BB7-302DE35BEF0C}.Release|Any CPU.ActiveCfg = Release|Any CPU
		{0D207E6B-7E09-46B8-8BB7-302DE35BEF0C}.Release|Any CPU.Build.0 = Release|Any CPU
		{3B4EAB05-DA35-47CA-8C46-F5323BD73A05}.Debug|Any CPU.ActiveCfg = Debug|Any CPU
		{3B4EAB05-DA35-47CA-8C46-F5323BD73A05}.Debug|Any CPU.Build.0 = Debug|Any CPU
		{3B4EAB05-DA35-47CA-8C46-F5323BD73A05}.Release|Any CPU.ActiveCfg = Release|Any CPU
		{3B4EAB05-DA35-47CA-8C46-F5323BD73A05}.Release|Any CPU.Build.0 = Release|Any CPU
	EndGlobalSection
	GlobalSection(SolutionProperties) = preSolution
		HideSolutionNode = FALSE
	EndGlobalSection
EndGlobal
